<?xml version="1.0" encoding="utf-8"?>
<Project ToolsVersion="4.0" xmlns="http://schemas.microsoft.com/developer/msbuild/2003">
  <ItemGroup>
    <Filter Include="Source Files">
      <UniqueIdentifier>{4FC737F1-C7A5-4376-A066-2A32D752A2FF}</UniqueIdentifier>
      <Extensions>cpp;c;cc;cxx;def;odl;idl;hpj;bat;asm;asmx</Extensions>
    </Filter>
    <Filter Include="Header Files">
      <UniqueIdentifier>{93995380-89BD-4b04-88EB-625FBE52EBFB}</UniqueIdentifier>
      <Extensions>h;hpp;hxx;hm;inl;inc;xsd</Extensions>
    </Filter>
    <Filter Include="Resource Files">
      <UniqueIdentifier>{67DA6AB6-F800-4c08-8B7A-83BB121AAD01}</UniqueIdentifier>
      <Extensions>rc;ico;cur;bmp;dlg;rc2;rct;bin;rgs;gif;jpg;jpeg;jpe;resx;tiff;tif;png;wav;mfcribbon-ms</Extensions>
    </Filter>
    <Filter Include="Header Files\models">
      <UniqueIdentifier>{a1a32fd2-de5d-40f4-8dbf-668419365815}</UniqueIdentifier>
    </Filter>
    <Filter Include="Source Files\models">
      <UniqueIdentifier>{81294377-8834-4d30-80f1-72b89cd6f3a7}</UniqueIdentifier>
    </Filter>
    <Filter Include="Header Files\init">
      <UniqueIdentifier>{b638ce54-0da9-44e4-bfa0-a6f07c422efb}</UniqueIdentifier>
    </Filter>
    <Filter Include="Source Files\init">
      <UniqueIdentifier>{5e2f7178-fbf5-43d1-9a79-c4f971a13bc1}</UniqueIdentifier>
    </Filter>
  </ItemGroup>
  <ItemGroup>
    <ClInclude Include="Walkable.h">
      <Filter>Header Files\models</Filter>
    </ClInclude>
    <ClInclude Include="Walker.h">
      <Filter>Header Files\models</Filter>
    </ClInclude>
    <ClInclude Include="Bootstrap.h">
      <Filter>Header Files\init</Filter>
    </ClInclude>
    <ClInclude Include="TerrainParser.h">
      <Filter>Header Files\init</Filter>
    </ClInclude>
  </ItemGroup>
  <ItemGroup>
    <ClCompile Include="main.cpp">
      <Filter>Source Files</Filter>
    </ClCompile>
    <ClCompile Include="Walkable.cpp">
      <Filter>Source Files\models</Filter>
    </ClCompile>
    <ClCompile Include="Walker.cpp">
      <Filter>Source Files\models</Filter>
    </ClCompile>
    <ClCompile Include="Bootstrap.cpp">
      <Filter>Source Files\init</Filter>
    </ClCompile>
    <ClCompile Include="TerrainParser.cpp">
      <Filter>Source Files\init</Filter>
    </ClCompile>
  </ItemGroup>
</Project>